
Microsoft Visual Studio Solution File, Format Version 12.00
# Visual Studio Version 16
VisualStudioVersion = 16.0.30114.105
MinimumVisualStudioVersion = 10.0.40219.1
Project("{2150E333-8FDC-42A3-9474-1A3956D46DE8}") = "src", "src", "{8D52EAB7-6D97-43AD-97A4-5136A5503B2F}"
EndProject
Project("{FAE04EC0-301F-11D3-BF4B-00C04F79EFBC}") = "Alike.Blazor", "src\Alike.Blazor\Alike.Blazor.csproj", "{CB9362E7-7FCB-4EBF-A776-849D3D16C985}"
EndProject
Project("{FAE04EC0-301F-11D3-BF4B-00C04F79EFBC}") = "Alike.Models", "src\Alike.Models\Alike.Models.csproj", "{4E06269C-112E-4402-8C18-E34FCBB0C8C3}"
EndProject
Project("{FAE04EC0-301F-11D3-BF4B-00C04F79EFBC}") = "Alike.Service", "src\Alike.Service\Alike.Service.csproj", "{ABC8C4FE-752E-44B1-9411-857D8425D68B}"
EndProject
Project("{FAE04EC0-301F-11D3-BF4B-00C04F79EFBC}") = "Alike.Web", "src\Alike.Web\Alike.Web.csproj", "{DC4853E9-2904-4380-9333-A0A074AC5D37}"
EndProject
Global
	GlobalSection(SolutionConfigurationPlatforms) = preSolution
		Debug|Any CPU = Debug|Any CPU
		Debug|x64 = Debug|x64
		Debug|x86 = Debug|x86
		Release|Any CPU = Release|Any CPU
		Release|x64 = Release|x64
		Release|x86 = Release|x86
	EndGlobalSection
	GlobalSection(SolutionProperties) = preSolution
		HideSolutionNode = FALSE
	EndGlobalSection
	GlobalSection(ProjectConfigurationPlatforms) = postSolution
		{CB9362E7-7FCB-4EBF-A776-849D3D16C985}.Debug|Any CPU.ActiveCfg = Debug|Any CPU
		{CB9362E7-7FCB-4EBF-A776-849D3D16C985}.Debug|Any CPU.Build.0 = Debug|Any CPU
		{CB9362E7-7FCB-4EBF-A776-849D3D16C985}.Debug|x64.ActiveCfg = Debug|Any CPU
		{CB9362E7-7FCB-4EBF-A776-849D3D16C985}.Debug|x64.Build.0 = Debug|Any CPU
		{CB9362E7-7FCB-4EBF-A776-849D3D16C985}.Debug|x86.ActiveCfg = Debug|Any CPU
		{CB9362E7-7FCB-4EBF-A776-849D3D16C985}.Debug|x86.Build.0 = Debug|Any CPU
		{CB9362E7-7FCB-4EBF-A776-849D3D16C985}.Release|Any CPU.ActiveCfg = Release|Any CPU
		{CB9362E7-7FCB-4EBF-A776-849D3D16C985}.Release|Any CPU.Build.0 = Release|Any CPU
		{CB9362E7-7FCB-4EBF-A776-849D3D16C985}.Release|x64.ActiveCfg = Release|Any CPU
		{CB9362E7-7FCB-4EBF-A776-849D3D16C985}.Release|x64.Build.0 = Release|Any CPU
		{CB9362E7-7FCB-4EBF-A776-849D3D16C985}.Release|x86.ActiveCfg = Release|Any CPU
		{CB9362E7-7FCB-4EBF-A776-849D3D16C985}.Release|x86.Build.0 = Release|Any CPU
		{4E06269C-112E-4402-8C18-E34FCBB0C8C3}.Debug|Any CPU.ActiveCfg = Debug|Any CPU
		{4E06269C-112E-4402-8C18-E34FCBB0C8C3}.Debug|Any CPU.Build.0 = Debug|Any CPU
		{4E06269C-112E-4402-8C18-E34FCBB0C8C3}.Debug|x64.ActiveCfg = Debug|Any CPU
		{4E06269C-112E-4402-8C18-E34FCBB0C8C3}.Debug|x64.Build.0 = Debug|Any CPU
		{4E06269C-112E-4402-8C18-E34FCBB0C8C3}.Debug|x86.ActiveCfg = Debug|Any CPU
		{4E06269C-112E-4402-8C18-E34FCBB0C8C3}.Debug|x86.Build.0 = Debug|Any CPU
		{4E06269C-112E-4402-8C18-E34FCBB0C8C3}.Release|Any CPU.ActiveCfg = Release|Any CPU
		{4E06269C-112E-4402-8C18-E34FCBB0C8C3}.Release|Any CPU.Build.0 = Release|Any CPU
		{4E06269C-112E-4402-8C18-E34FCBB0C8C3}.Release|x64.ActiveCfg = Release|Any CPU
		{4E06269C-112E-4402-8C18-E34FCBB0C8C3}.Release|x64.Build.0 = Release|Any CPU
		{4E06269C-112E-4402-8C18-E34FCBB0C8C3}.Release|x86.ActiveCfg = Release|Any CPU
		{4E06269C-112E-4402-8C18-E34FCBB0C8C3}.Release|x86.Build.0 = Release|Any CPU
		{ABC8C4FE-752E-44B1-9411-857D8425D68B}.Debug|Any CPU.ActiveCfg = Debug|Any CPU
		{ABC8C4FE-752E-44B1-9411-857D8425D68B}.Debug|Any CPU.Build.0 = Debug|Any CPU
		{ABC8C4FE-752E-44B1-9411-857D8425D68B}.Debug|x64.ActiveCfg = Debug|Any CPU
		{ABC8C4FE-752E-44B1-9411-857D8425D68B}.Debug|x64.Build.0 = Debug|Any CPU
		{ABC8C4FE-752E-44B1-9411-857D8425D68B}.Debug|x86.ActiveCfg = Debug|Any CPU
		{ABC8C4FE-752E-44B1-9411-857D8425D68B}.Debug|x86.Build.0 = Debug|Any CPU
		{ABC8C4FE-752E-44B1-9411-857D8425D68B}.Release|Any CPU.ActiveCfg = Release|Any CPU
		{ABC8C4FE-752E-44B1-9411-857D8425D68B}.Release|Any CPU.Build.0 = Release|Any CPU
		{ABC8C4FE-752E-44B1-9411-857D8425D68B}.Release|x64.ActiveCfg = Release|Any CPU
		{ABC8C4FE-752E-44B1-9411-857D8425D68B}.Release|x64.Build.0 = Release|Any CPU
		{ABC8C4FE-752E-44B1-9411-857D8425D68B}.Release|x86.ActiveCfg = Release|Any CPU
		{ABC8C4FE-752E-44B1-9411-857D8425D68B}.Release|x86.Build.0 = Release|Any CPU
		{DC4853E9-2904-4380-9333-A0A074AC5D37}.Debug|Any CPU.ActiveCfg = Debug|Any CPU
		{DC4853E9-2904-4380-9333-A0A074AC5D37}.Debug|Any CPU.Build.0 = Debug|Any CPU
		{DC4853E9-2904-4380-9333-A0A074AC5D37}.Debug|x64.ActiveCfg = Debug|Any CPU
		{DC4853E9-2904-4380-9333-A0A074AC5D37}.Debug|x64.Build.0 = Debug|Any CPU
		{DC4853E9-2904-4380-9333-A0A074AC5D37}.Debug|x86.ActiveCfg = Debug|Any CPU
		{DC4853E9-2904-4380-9333-A0A074AC5D37}.Debug|x86.Build.0 = Debug|Any CPU
		{DC4853E9-2904-4380-9333-A0A074AC5D37}.Release|Any CPU.ActiveCfg = Release|Any CPU
		{DC4853E9-2904-4380-9333-A0A074AC5D37}.Release|Any CPU.Build.0 = Release|Any CPU
		{DC4853E9-2904-4380-9333-A0A074AC5D37}.Release|x64.ActiveCfg = Release|Any CPU
		{DC4853E9-2904-4380-9333-A0A074AC5D37}.Release|x64.Build.0 = Release|Any CPU
		{DC4853E9-2904-4380-9333-A0A074AC5D37}.Release|x86.ActiveCfg = Release|Any CPU
		{DC4853E9-2904-4380-9333-A0A074AC5D37}.Release|x86.Build.0 = Release|Any CPU
	EndGlobalSection
	GlobalSection(NestedProjects) = preSolution
		{CB9362E7-7FCB-4EBF-A776-849D3D16C985} = {8D52EAB7-6D97-43AD-97A4-5136A5503B2F}
		{4E06269C-112E-4402-8C18-E34FCBB0C8C3} = {8D52EAB7-6D97-43AD-97A4-5136A5503B2F}
		{ABC8C4FE-752E-44B1-9411-857D8425D68B} = {8D52EAB7-6D97-43AD-97A4-5136A5503B2F}
		{DC4853E9-2904-4380-9333-A0A074AC5D37} = {8D52EAB7-6D97-43AD-97A4-5136A5503B2F}
	EndGlobalSection
EndGlobal
